{
  "requires": true,
  "lockfileVersion": 1,
  "dependencies": {
    "rut-helper": {
      "version": "0.0.12",
      "resolved": "https://registry.npmjs.org/rut-helper/-/rut-helper-0.0.12.tgz",
      "integrity": "sha512-ukeBhwYPFY8/h5n0QJL/K+EyLEP43Y/Z/cM8NRqXDcMv7UpChUxc+RF11AvES3xmHZ0Cp2Ku9SOPV+3vRvLGDw=="
    }
  }
}
